// !$*UTF8*$!
{
	archiveVersion = 1;
	classes = {
	};
	objectVersion = 46;
	objects = {

/* Begin PBXBuildFile section */
		5980075219C12702003A11D9 /* main.m in Sources */ = {isa = PBXBuildFile; fileRef = 5980075119C12702003A11D9 /* main.m */; };
		5980075519C12702003A11D9 /* AppDelegate.m in Sources */ = {isa = PBXBuildFile; fileRef = 5980075419C12702003A11D9 /* AppDelegate.m */; };
		5980075819C12702003A11D9 /* FirstViewController.m in Sources */ = {isa = PBXBuildFile; fileRef = 5980075719C12702003A11D9 /* FirstViewController.m */; };
		5980075B19C12702003A11D9 /* SecondViewController.m in Sources */ = {isa = PBXBuildFile; fileRef = 5980075A19C12702003A11D9 /* SecondViewController.m */; };
		5980075E19C12703003A11D9 /* Main.storyboard in Resources */ = {isa = PBXBuildFile; fileRef = 5980075C19C12703003A11D9 /* Main.storyboard */; };
		5980076019C12703003A11D9 /* Images.xcassets in Resources */ = {isa = PBXBuildFile; fileRef = 5980075F19C12703003A11D9 /* Images.xcassets */; };
		5980076319C12703003A11D9 /* LaunchScreen.xib in Resources */ = {isa = PBXBuildFile; fileRef = 5980076119C12703003A11D9 /* LaunchScreen.xib */; };
		5980076F19C12703003A11D9 /* Data_RobotTests.m in Sources */ = {isa = PBXBuildFile; fileRef = 5980076E19C12703003A11D9 /* Data_RobotTests.m */; };
/* End PBXBuildFile section */

/* Begin PBXContainerItemProxy section */
		5980076919C12703003A11D9 /* PBXContainerItemProxy */ = {
			isa = PBXContainerItemProxy;
			containerPortal = 5980074419C12702003A11D9 /* Project object */;
			proxyType = 1;
			remoteGlobalIDString = 5980074B19C12702003A11D9;
			remoteInfo = "Data Robot";
		};
/* End PBXContainerItemProxy section */

/* Begin PBXFileReference section */
		5980074C19C12702003A11D9 /* Data Robot.app */ = {isa = PBXFileReference; explicitFileType = wrapper.application; includeInIndex = 0; path = "Data Robot.app"; sourceTree = BUILT_PRODUCTS_DIR; };
		5980075019C12702003A11D9 /* Info.plist */ = {isa = PBXFileReference; lastKnownFileType = text.plist.xml; path = Info.plist; sourceTree = "<group>"; };
		5980075119C12702003A11D9 /* main.m */ = {isa = PBXFileReference; lastKnownFileType = sourcecode.c.objc; path = main.m; sourceTree = "<group>"; };
		5980075319C12702003A11D9 /* AppDelegate.h */ = {isa = PBXFileReference; lastKnownFileType = sourcecode.c.h; path = AppDelegate.h; sourceTree = "<group>"; };
		5980075419C12702003A11D9 /* AppDelegate.m */ = {isa = PBXFileReference; lastKnownFileType = sourcecode.c.objc; path = AppDelegate.m; sourceTree = "<group>"; };
		5980075619C12702003A11D9 /* FirstViewController.h */ = {isa = PBXFileReference; lastKnownFileType = sourcecode.c.h; path = FirstViewController.h; sourceTree = "<group>"; };
		5980075719C12702003A11D9 /* FirstViewController.m */ = {isa = PBXFileReference; lastKnownFileType = sourcecode.c.objc; path = FirstViewController.m; sourceTree = "<group>"; };
		5980075919C12702003A11D9 /* SecondViewController.h */ = {isa = PBXFileReference; lastKnownFileType = sourcecode.c.h; path = SecondViewController.h; sourceTree = "<group>"; };
		5980075A19C12702003A11D9 /* SecondViewController.m */ = {isa = PBXFileReference; lastKnownFileType = sourcecode.c.objc; path = SecondViewController.m; sourceTree = "<group>"; };
		5980075D19C12703003A11D9 /* Base */ = {isa = PBXFileReference; lastKnownFileType = file.storyboard; name = Base; path = Base.lproj/Main.storyboard; sourceTree = "<group>"; };
		5980075F19C12703003A11D9 /* Images.xcassets */ = {isa = PBXFileReference; lastKnownFileType = folder.assetcatalog; path = Images.xcassets; sourceTree = "<group>"; };
		5980076219C12703003A11D9 /* Base */ = {isa = PBXFileReference; lastKnownFileType = file.xib; name = Base; path = Base.lproj/LaunchScreen.xib; sourceTree = "<group>"; };
		5980076819C12703003A11D9 /* Data RobotTests.xctest */ = {isa = PBXFileReference; explicitFileType = wrapper.cfbundle; includeInIndex = 0; path = "Data RobotTests.xctest"; sourceTree = BUILT_PRODUCTS_DIR; };
		5980076D19C12703003A11D9 /* Info.plist */ = {isa = PBXFileReference; lastKnownFileType = text.plist.xml; path = Info.plist; sourceTree = "<group>"; };
		5980076E19C12703003A11D9 /* Data_RobotTests.m */ = {isa = PBXFileReference; lastKnownFileType = sourcecode.c.objc; path = Data_RobotTests.m; sourceTree = "<group>"; };
/* End PBXFileReference section */

/* Begin PBXFrameworksBuildPhase section */
		5980074919C12702003A11D9 /* Frameworks */ = {
			isa = PBXFrameworksBuildPhase;
			buildActionMask = 2147483647;
			files = (
			);
			runOnlyForDeploymentPostprocessing = 0;
		};
		5980076519C12703003A11D9 /* Frameworks */ = {
			isa = PBXFrameworksBuildPhase;
			buildActionMask = 2147483647;
			files = (
			);
			runOnlyForDeploymentPostprocessing = 0;
		};
/* End PBXFrameworksBuildPhase section */

/* Begin PBXGroup section */
		5980074319C12702003A11D9 = {
			isa = PBXGroup;
			children = (
				5980074E19C12702003A11D9 /* Data Robot */,
				5980076B19C12703003A11D9 /* Data RobotTests */,
				5980074D19C12702003A11D9 /* Products */,
			);
			sourceTree = "<group>";
		};
		5980074D19C12702003A11D9 /* Products */ = {
			isa = PBXGroup;
			children = (
				5980074C19C12702003A11D9 /* Data Robot.app */,
				5980076819C12703003A11D9 /* Data RobotTests.xctest */,
			);
			name = Products;
			sourceTree = "<group>";
		};
		5980074E19C12702003A11D9 /* Data Robot */ = {
			isa = PBXGroup;
			children = (
				5980075319C12702003A11D9 /* AppDelegate.h */,
				5980075419C12702003A11D9 /* AppDelegate.m */,
				5980075619C12702003A11D9 /* FirstViewController.h */,
				5980075719C12702003A11D9 /* FirstViewController.m */,
				5980075919C12702003A11D9 /* SecondViewController.h */,
				5980075A19C12702003A11D9 /* SecondViewController.m */,
				5980075C19C12703003A11D9 /* Main.storyboard */,
				5980075F19C12703003A11D9 /* Images.xcassets */,
				5980076119C12703003A11D9 /* LaunchScreen.xib */,
				5980074F19C12702003A11D9 /* Supporting Files */,
			);
			path = "Data Robot";
			sourceTree = "<group>";
		};
		5980074F19C12702003A11D9 /* Supporting Files */ = {
			isa = PBXGroup;
			children = (
				5980075019C12702003A11D9 /* Info.plist */,
				5980075119C12702003A11D9 /* main.m */,
			);
			name = "Supporting Files";
			sourceTree = "<group>";
		};
		5980076B19C12703003A11D9 /* Data RobotTests */ = {
			isa = PBXGroup;
			children = (
				5980076E19C12703003A11D9 /* Data_RobotTests.m */,
				5980076C19C12703003A11D9 /* Supporting Files */,
			);
			path = "Data RobotTests";
			sourceTree = "<group>";
		};
		5980076C19C12703003A11D9 /* Supporting Files */ = {
			isa = PBXGroup;
			children = (
				5980076D19C12703003A11D9 /* Info.plist */,
			);
			name = "Supporting Files";
			sourceTree = "<group>";
		};
/* End PBXGroup section */

/* Begin PBXNativeTarget section */
		5980074B19C12702003A11D9 /* Data Robot */ = {
			isa = PBXNativeTarget;
			buildConfigurationList = 5980077219C12703003A11D9 /* Build configuration list for PBXNativeTarget "Data Robot" */;
			buildPhases = (
				5980074819C12702003A11D9 /* Sources */,
				5980074919C12702003A11D9 /* Frameworks */,
				5980074A19C12702003A11D9 /* Resources */,
			);
			buildRules = (
			);
			dependencies = (
			);
			name = "Data Robot";
			productName = "Data Robot";
			productReference = 5980074C19C12702003A11D9 /* Data Robot.app */;
			productType = "com.apple.product-type.application";
		};
		5980076719C12703003A11D9 /* Data RobotTests */ = {
			isa = PBXNativeTarget;
			buildConfigurationList = 5980077519C12703003A11D9 /* Build configuration list for PBXNativeTarget "Data RobotTests" */;
			buildPhases = (
				5980076419C12703003A11D9 /* Sources */,
				5980076519C12703003A11D9 /* Frameworks */,
				5980076619C12703003A11D9 /* Resources */,
			);
			buildRules = (
			);
			dependencies = (
				5980076A19C12703003A11D9 /* PBXTargetDependency */,
			);
			name = "Data RobotTests";
			productName = "Data RobotTests";
			productReference = 5980076819C12703003A11D9 /* Data RobotTests.xctest */;
			productType = "com.apple.product-type.bundle.unit-test";
		};
/* End PBXNativeTarget section */

/* Begin PBXProject section */
		5980074419C12702003A11D9 /* Project object */ = {
			isa = PBXProject;
			attributes = {
				LastUpgradeCheck = 0600;
				ORGANIZATIONNAME = "Magic Point";
				TargetAttributes = {
					5980074B19C12702003A11D9 = {
						CreatedOnToolsVersion = 6.0;
					};
					5980076719C12703003A11D9 = {
						CreatedOnToolsVersion = 6.0;
						TestTargetID = 5980074B19C12702003A11D9;
					};
				};
			};
			buildConfigurationList = 5980074719C12702003A11D9 /* Build configuration list for PBXProject "Data Robot" */;
			compatibilityVersion = "Xcode 3.2";
			developmentRegion = English;
			hasScannedForEncodings = 0;
			knownRegions = (
				en,
				Base,
			);
			mainGroup = 5980074319C12702003A11D9;
			productRefGroup = 5980074D19C12702003A11D9 /* Products */;
			projectDirPath = "";
			projectRoot = "";
			targets = (
				5980074B19C12702003A11D9 /* Data Robot */,
				5980076719C12703003A11D9 /* Data RobotTests */,
			);
		};
/* End PBXProject section */

/* Begin PBXResourcesBuildPhase section */
		5980074A19C12702003A11D9 /* Resources */ = {
			isa = PBXResourcesBuildPhase;
			buildActionMask = 2147483647;
			files = (
				5980075E19C12703003A11D9 /* Main.storyboard in Resources */,
				5980076319C12703003A11D9 /* LaunchScreen.xib in Resources */,
				5980076019C12703003A11D9 /* Images.xcassets in Resources */,
			);
			runOnlyForDeploymentPostprocessing = 0;
		};
		5980076619C12703003A11D9 /* Resources */ = {
			isa = PBXResourcesBuildPhase;
			buildActionMask = 2147483647;
			files = (
			);
			runOnlyForDeploymentPostprocessing = 0;
		};
/* End PBXResourcesBuildPhase section */

/* Begin PBXSourcesBuildPhase section */
		5980074819C12702003A11D9 /* Sources */ = {
			isa = PBXSourcesBuildPhase;
			buildActionMask = 2147483647;
			files = (
				5980075B19C12702003A11D9 /* SecondViewController.m in Sources */,
				5980075519C12702003A11D9 /* AppDelegate.m in Sources */,
				5980075819C12702003A11D9 /* FirstViewController.m in Sources */,
				5980075219C12702003A11D9 /* main.m in Sources */,
			);
			runOnlyForDeploymentPostprocessing = 0;
		};
		5980076419C12703003A11D9 /* Sources */ = {
			isa = PBXSourcesBuildPhase;
			buildActionMask = 2147483647;
			files = (
				5980076F19C12703003A11D9 /* Data_RobotTests.m in Sources */,
			);
			runOnlyForDeploymentPostprocessing = 0;
		};
/* End PBXSourcesBuildPhase section */

/* Begin PBXTargetDependency section */
		5980076A19C12703003A11D9 /* PBXTargetDependency */ = {
			isa = PBXTargetDependency;
			target = 5980074B19C12702003A11D9 /* Data Robot */;
			targetProxy = 5980076919C12703003A11D9 /* PBXContainerItemProxy */;
		};
/* End PBXTargetDependency section */

/* Begin PBXVariantGroup section */
		5980075C19C12703003A11D9 /* Main.storyboard */ = {
			isa = PBXVariantGroup;
			children = (
				5980075D19C12703003A11D9 /* Base */,
			);
			name = Main.storyboard;
			sourceTree = "<group>";
		};
		5980076119C12703003A11D9 /* LaunchScreen.xib */ = {
			isa = PBXVariantGroup;
			children = (
				5980076219C12703003A11D9 /* Base */,
			);
			name = LaunchScreen.xib;
			sourceTree = "<group>";
		};
/* End PBXVariantGroup section */

/* Begin XCBuildConfiguration section */
		5980077019C12703003A11D9 /* Debug */ = {
			isa = XCBuildConfiguration;
			buildSettings = {
				ALWAYS_SEARCH_USER_PATHS = NO;
				CLANG_CXX_LANGUAGE_STANDARD = "gnu++0x";
				CLANG_CXX_LIBRARY = "libc++";
				CLANG_ENABLE_MODULES = YES;
				CLANG_ENABLE_OBJC_ARC = YES;
				CLANG_WARN_BOOL_CONVERSION = YES;
				CLANG_WARN_CONSTANT_CONVERSION = YES;
				CLANG_WARN_DIRECT_OBJC_ISA_USAGE = YES_ERROR;
				CLANG_WARN_EMPTY_BODY = YES;
				CLANG_WARN_ENUM_CONVERSION = YES;
				CLANG_WARN_INT_CONVERSION = YES;
				CLANG_WARN_OBJC_ROOT_CLASS = YES_ERROR;
				CLANG_WARN_UNREACHABLE_CODE = YES;
				CLANG_WARN__DUPLICATE_METHOD_MATCH = YES;
				"CODE_SIGN_IDENTITY[sdk=iphoneos*]" = "iPhone Developer";
				COPY_PHASE_STRIP = NO;
				ENABLE_STRICT_OBJC_MSGSEND = YES;
				GCC_C_LANGUAGE_STANDARD = gnu99;
				GCC_DYNAMIC_NO_PIC = NO;
				GCC_OPTIMIZATION_LEVEL = 0;
				GCC_PREPROCESSOR_DEFINITIONS = (
					"DEBUG=1",
					"$(inherited)",
				);
				GCC_SYMBOLS_PRIVATE_EXTERN = NO;
				GCC_WARN_64_TO_32_BIT_CONVERSION = YES;
				GCC_WARN_ABOUT_RETURN_TYPE = YES_ERROR;
				GCC_WARN_UNDECLARED_SELECTOR = YES;
				GCC_WARN_UNINITIALIZED_AUTOS = YES_AGGRESSIVE;
				GCC_WARN_UNUSED_FUNCTION = YES;
				GCC_WARN_UNUSED_VARIABLE = YES;
				IPHONEOS_DEPLOYMENT_TARGET = 8.0;
				MTL_ENABLE_DEBUG_INFO = YES;
				ONLY_ACTIVE_ARCH = YES;
				SDKROOT = iphoneos;
				TARGETED_DEVICE_FAMILY = "1,2";
			};
			name = Debug;
		};
		5980077119C12703003A11D9 /* Release */ = {
			isa = XCBuildConfiguration;
			buildSettings = {
				ALWAYS_SEARCH_USER_PATHS = NO;
				CLANG_CXX_LANGUAGE_STANDARD = "gnu++0x";
				CLANG_CXX_LIBRARY = "libc++";
				CLANG_ENABLE_MODULES = YES;
				CLANG_ENABLE_OBJC_ARC = YES;
				CLANG_WARN_BOOL_CONVERSION = YES;
				CLANG_WARN_CONSTANT_CONVERSION = YES;
				CLANG_WARN_DIRECT_OBJC_ISA_USAGE = YES_ERROR;
				CLANG_WARN_EMPTY_BODY = YES;
				CLANG_WARN_ENUM_CONVERSION = YES;
				CLANG_WARN_INT_CONVERSION = YES;
				CLANG_WARN_OBJC_ROOT_CLASS = YES_ERROR;
				CLANG_WARN_UNREACHABLE_CODE = YES;
				CLANG_WARN__DUPLICATE_METHOD_MATCH = YES;
				"CODE_SIGN_IDENTITY[sdk=iphoneos*]" = "iPhone Developer";
				COPY_PHASE_STRIP = YES;
				ENABLE_NS_ASSERTIONS = NO;
				ENABLE_STRICT_OBJC_MSGSEND = YES;
				GCC_C_LANGUAGE_STANDARD = gnu99;
				GCC_WARN_64_TO_32_BIT_CONVERSION = YES;
				GCC_WARN_ABOUT_RETURN_TYPE = YES_ERROR;
				GCC_WARN_UNDECLARED_SELECTOR = YES;
				GCC_WARN_UNINITIALIZED_AUTOS = YES_AGGRESSIVE;
				GCC_WARN_UNUSED_FUNCTION = YES;
				GCC_WARN_UNUSED_VARIABLE = YES;
				IPHONEOS_DEPLOYMENT_TARGET = 8.0;
				MTL_ENABLE_DEBUG_INFO = NO;
				SDKROOT = iphoneos;
				TARGETED_DEVICE_FAMILY = "1,2";
				VALIDATE_PRODUCT = YES;
			};
			name = Release;
		};
		5980077319C12703003A11D9 /* Debug */ = {
			isa = XCBuildConfiguration;
			buildSettings = {
				ASSETCATALOG_COMPILER_APPICON_NAME = AppIcon;
				INFOPLIST_FILE = "Data Robot/Info.plist";
				LD_RUNPATH_SEARCH_PATHS = "$(inherited) @executable_path/Frameworks";
				PRODUCT_NAME = "$(TARGET_NAME)";
			};
			name = Debug;
		};
		5980077419C12703003A11D9 /* Release */ = {
			isa = XCBuildConfiguration;
			buildSettings = {
				ASSETCATALOG_COMPILER_APPICON_NAME = AppIcon;
				INFOPLIST_FILE = "Data Robot/Info.plist";
				LD_RUNPATH_SEARCH_PATHS = "$(inherited) @executable_path/Frameworks";
				PRODUCT_NAME = "$(TARGET_NAME)";
			};
			name = Release;
		};
		5980077619C12703003A11D9 /* Debug */ = {
			isa = XCBuildConfiguration;
			buildSettings = {
				BUNDLE_LOADER = "$(TEST_HOST)";
				FRAMEWORK_SEARCH_PATHS = (
					"$(SDKROOT)/Developer/Library/Frameworks",
					"$(inherited)",
				);
				GCC_PREPROCESSOR_DEFINITIONS = (
					"DEBUG=1",
					"$(inherited)",
				);
				INFOPLIST_FILE = "Data RobotTests/Info.plist";
				LD_RUNPATH_SEARCH_PATHS = "$(inherited) @executable_path/Frameworks @loader_path/Frameworks";
				PRODUCT_NAME = "$(TARGET_NAME)";
				TEST_HOST = "$(BUILT_PRODUCTS_DIR)/Data Robot.app/Data Robot";
			};
			name = Debug;
		};
		5980077719C12703003A11D9 /* Release */ = {
			isa = XCBuildConfiguration;
			buildSettings = {
				BUNDLE_LOADER = "$(TEST_HOST)";
				FRAMEWORK_SEARCH_PATHS = (
					"$(SDKROOT)/Developer/Library/Frameworks",
					"$(inherited)",
				);
				INFOPLIST_FILE = "Data RobotTests/Info.plist";
				LD_RUNPATH_SEARCH_PATHS = "$(inherited) @executable_path/Frameworks @loader_path/Frameworks";
				PRODUCT_NAME = "$(TARGET_NAME)";
				TEST_HOST = "$(BUILT_PRODUCTS_DIR)/Data Robot.app/Data Robot";
			};
			name = Release;
		};
/* End XCBuildConfiguration section */

/* Begin XCConfigurationList section */
		5980074719C12702003A11D9 /* Build configuration list for PBXProject "Data Robot" */ = {
			isa = XCConfigurationList;
			buildConfigurations = (
				5980077019C12703003A11D9 /* Debug */,
				5980077119C12703003A11D9 /* Release */,
			);
			defaultConfigurationIsVisible = 0;
			defaultConfigurationName = Release;
		};
		5980077219C12703003A11D9 /* Build configuration list for PBXNativeTarget "Data Robot" */ = {
			isa = XCConfigurationList;
			buildConfigurations = (
				5980077319C12703003A11D9 /* Debug */,
				5980077419C12703003A11D9 /* Release */,
			);
			defaultConfigurationIsVisible = 0;
		};
		5980077519C12703003A11D9 /* Build configuration list for PBXNativeTarget "Data RobotTests" */ = {
			isa = XCConfigurationList;
			buildConfigurations = (
				5980077619C12703003A11D9 /* Debug */,
				5980077719C12703003A11D9 /* Release */,
			);
			defaultConfigurationIsVisible = 0;
		};
/* End XCConfigurationList section */
	};
	rootObject = 5980074419C12702003A11D9 /* Project object */;
}
